Microsoft Visual Studio Solution File, Format Version 7.00
Project("{FAE04EC0-301F-11D3-BF4B-00C04F79EFBC}") = "KnobControl", "KnobControl.csproj", "{04123F59-331D-4582-BE0D-721FEAB6050F}"
EndProject
Global
	GlobalSection(SolutionConfiguration) = preSolution
		ConfigName.0 = Debug
		ConfigName.1 = Release
	EndGlobalSection
	GlobalSection(ProjectDependencies) = postSolution
	EndGlobalSection
	GlobalSection(ProjectConfiguration) = postSolution
		{04123F59-331D-4582-BE0D-721FEAB6050F}.Debug.ActiveCfg = Debug|.NET
		{04123F59-331D-4582-BE0D-721FEAB6050F}.Debug.Build.0 = Debug|.NET
		{04123F59-331D-4582-BE0D-721FEAB6050F}.Release.ActiveCfg = Release|.NET
		{04123F59-331D-4582-BE0D-721FEAB6050F}.Release.Build.0 = Release|.NET
	EndGlobalSection
	GlobalSection(ExtensibilityGlobals) = postSolution
	EndGlobalSection
	GlobalSection(ExtensibilityAddIns) = postSolution
	EndGlobalSection
EndGlobal
